
Microsoft Visual Studio Solution File, Format Version 12.00
# Visual Studio Version 16
VisualStudioVersion = 16.0.31129.286
MinimumVisualStudioVersion = 10.0.40219.1
Project("{FAE04EC0-301F-11D3-BF4B-00C04F79EFBC}") = "DisplayMousePointer", "DisplayMousePointer\DisplayMousePointer.csproj", "{D92A4799-09FE-4948-95B2-DB86DAED46BE}"
EndProject
Global
	GlobalSection(SolutionConfigurationPlatforms) = preSolution
		Debug|Any CPU = Debug|Any CPU
		Release|Any CPU = Release|Any CPU
	EndGlobalSection
	GlobalSection(ProjectConfigurationPlatforms) = postSolution
		{D92A4799-09FE-4948-95B2-DB86DAED46BE}.Debug|Any CPU.ActiveCfg = Debug|Any CPU
		{D92A4799-09FE-4948-95B2-DB86DAED46BE}.Debug|Any CPU.Build.0 = Debug|Any CPU
		{D92A4799-09FE-4948-95B2-DB86DAED46BE}.Release|Any CPU.ActiveCfg = Release|Any CPU
		{D92A4799-09FE-4948-95B2-DB86DAED46BE}.Release|Any CPU.Build.0 = Release|Any CPU
	EndGlobalSection
	GlobalSection(SolutionProperties) = preSolution
		HideSolutionNode = FALSE
	EndGlobalSection
	GlobalSection(ExtensibilityGlobals) = postSolution
		SolutionGuid = {B0DE980A-3911-4521-B7CD-6EBDE09AA76F}
	EndGlobalSection
EndGlobal
